// !$*UTF8*$!
{
	archiveVersion = 1;
	classes = {
	};
	objectVersion = 46;
	objects = {

/* Begin PBXBuildFile section */
		EA77F71F1D1101FE0000922E /* main.m in Sources */ = {isa = PBXBuildFile; fileRef = EA77F71E1D1101FE0000922E /* main.m */; };
		EA77F7221D1101FE0000922E /* AppDelegate.m in Sources */ = {isa = PBXBuildFile; fileRef = EA77F7211D1101FE0000922E /* AppDelegate.m */; };
		EA77F72A1D1101FE0000922E /* Assets.xcassets in Resources */ = {isa = PBXBuildFile; fileRef = EA77F7291D1101FE0000922E /* Assets.xcassets */; };
		EA77F72D1D1101FE0000922E /* LaunchScreen.storyboard in Resources */ = {isa = PBXBuildFile; fileRef = EA77F72B1D1101FE0000922E /* LaunchScreen.storyboard */; };
		EA77F7541D1103E40000922E /* NSArray+Log.m in Sources */ = {isa = PBXBuildFile; fileRef = EA77F73D1D1103E40000922E /* NSArray+Log.m */; };
		EA77F7551D1103E40000922E /* NSAttributedString+CZAdditon.m in Sources */ = {isa = PBXBuildFile; fileRef = EA77F73F1D1103E40000922E /* NSAttributedString+CZAdditon.m */; };
		EA77F7561D1103E40000922E /* NSObject+CZRuntime.m in Sources */ = {isa = PBXBuildFile; fileRef = EA77F7411D1103E40000922E /* NSObject+CZRuntime.m */; };
		EA77F7571D1103E40000922E /* NSString+CZBase64.m in Sources */ = {isa = PBXBuildFile; fileRef = EA77F7431D1103E40000922E /* NSString+CZBase64.m */; };
		EA77F7581D1103E40000922E /* NSString+CZHash.m in Sources */ = {isa = PBXBuildFile; fileRef = EA77F7451D1103E40000922E /* NSString+CZHash.m */; };
		EA77F7591D1103E40000922E /* NSString+CZPath.m in Sources */ = {isa = PBXBuildFile; fileRef = EA77F7471D1103E40000922E /* NSString+CZPath.m */; };
		EA77F75A1D1103E40000922E /* UIButton+CZAddition.m in Sources */ = {isa = PBXBuildFile; fileRef = EA77F7491D1103E40000922E /* UIButton+CZAddition.m */; };
		EA77F75B1D1103E40000922E /* UIColor+CZAddition.m in Sources */ = {isa = PBXBuildFile; fileRef = EA77F74B1D1103E40000922E /* UIColor+CZAddition.m */; };
		EA77F75C1D1103E40000922E /* UILabel+CZAddition.m in Sources */ = {isa = PBXBuildFile; fileRef = EA77F74D1D1103E40000922E /* UILabel+CZAddition.m */; };
		EA77F75D1D1103E40000922E /* UIScreen+CZAddition.m in Sources */ = {isa = PBXBuildFile; fileRef = EA77F74F1D1103E40000922E /* UIScreen+CZAddition.m */; };
		EA77F75E1D1103E40000922E /* UIView+CZAddition.m in Sources */ = {isa = PBXBuildFile; fileRef = EA77F7511D1103E40000922E /* UIView+CZAddition.m */; };
		EA77F75F1D1103E40000922E /* UIViewController+CZAddition.m in Sources */ = {isa = PBXBuildFile; fileRef = EA77F7531D1103E40000922E /* UIViewController+CZAddition.m */; };
		FAC0C815FBCD96D180E2A148 /* libPods-网易新闻.a in Frameworks */ = {isa = PBXBuildFile; fileRef = 357B30F82512304EB7AB8047 /* libPods-网易新闻.a */; };
/* End PBXBuildFile section */

/* Begin PBXFileReference section */
		283C5F0C4458449E775E7F63 /* Pods-网易新闻.release.xcconfig */ = {isa = PBXFileReference; includeInIndex = 1; lastKnownFileType = text.xcconfig; name = "Pods-网易新闻.release.xcconfig"; path = "Pods/Target Support Files/Pods-网易新闻/Pods-网易新闻.release.xcconfig"; sourceTree = "<group>"; };
		357B30F82512304EB7AB8047 /* libPods-网易新闻.a */ = {isa = PBXFileReference; explicitFileType = archive.ar; includeInIndex = 0; path = "libPods-网易新闻.a"; sourceTree = BUILT_PRODUCTS_DIR; };
		35F4E2B8D86706B4C7AA1B5D /* Pods-网易新闻.debug.xcconfig */ = {isa = PBXFileReference; includeInIndex = 1; lastKnownFileType = text.xcconfig; name = "Pods-网易新闻.debug.xcconfig"; path = "Pods/Target Support Files/Pods-网易新闻/Pods-网易新闻.debug.xcconfig"; sourceTree = "<group>"; };
		EA77F71A1D1101FE0000922E /* 网易新闻.app */ = {isa = PBXFileReference; explicitFileType = wrapper.application; includeInIndex = 0; path = "网易新闻.app"; sourceTree = BUILT_PRODUCTS_DIR; };
		EA77F71E1D1101FE0000922E /* main.m */ = {isa = PBXFileReference; lastKnownFileType = sourcecode.c.objc; path = main.m; sourceTree = "<group>"; };
		EA77F7201D1101FE0000922E /* AppDelegate.h */ = {isa = PBXFileReference; lastKnownFileType = sourcecode.c.h; path = AppDelegate.h; sourceTree = "<group>"; };
		EA77F7211D1101FE0000922E /* AppDelegate.m */ = {isa = PBXFileReference; lastKnownFileType = sourcecode.c.objc; path = AppDelegate.m; sourceTree = "<group>"; };
		EA77F7291D1101FE0000922E /* Assets.xcassets */ = {isa = PBXFileReference; lastKnownFileType = folder.assetcatalog; path = Assets.xcassets; sourceTree = "<group>"; };
		EA77F72C1D1101FE0000922E /* Base */ = {isa = PBXFileReference; lastKnownFileType = file.storyboard; name = Base; path = Base.lproj/LaunchScreen.storyboard; sourceTree = "<group>"; };
		EA77F72E1D1101FE0000922E /* Info.plist */ = {isa = PBXFileReference; lastKnownFileType = text.plist.xml; path = Info.plist; sourceTree = "<group>"; };
		EA77F73B1D1103E40000922E /* CZAdditions.h */ = {isa = PBXFileReference; fileEncoding = 4; lastKnownFileType = sourcecode.c.h; path = CZAdditions.h; sourceTree = "<group>"; };
		EA77F73C1D1103E40000922E /* NSArray+Log.h */ = {isa = PBXFileReference; fileEncoding = 4; lastKnownFileType = sourcecode.c.h; path = "NSArray+Log.h"; sourceTree = "<group>"; };
		EA77F73D1D1103E40000922E /* NSArray+Log.m */ = {isa = PBXFileReference; fileEncoding = 4; lastKnownFileType = sourcecode.c.objc; path = "NSArray+Log.m"; sourceTree = "<group>"; };
		EA77F73E1D1103E40000922E /* NSAttributedString+CZAdditon.h */ = {isa = PBXFileReference; fileEncoding = 4; lastKnownFileType = sourcecode.c.h; path = "NSAttributedString+CZAdditon.h"; sourceTree = "<group>"; };
		EA77F73F1D1103E40000922E /* NSAttributedString+CZAdditon.m */ = {isa = PBXFileReference; fileEncoding = 4; lastKnownFileType = sourcecode.c.objc; path = "NSAttributedString+CZAdditon.m"; sourceTree = "<group>"; };
		EA77F7401D1103E40000922E /* NSObject+CZRuntime.h */ = {isa = PBXFileReference; fileEncoding = 4; lastKnownFileType = sourcecode.c.h; path = "NSObject+CZRuntime.h"; sourceTree = "<group>"; };
		EA77F7411D1103E40000922E /* NSObject+CZRuntime.m */ = {isa = PBXFileReference; fileEncoding = 4; lastKnownFileType = sourcecode.c.objc; path = "NSObject+CZRuntime.m"; sourceTree = "<group>"; };
		EA77F7421D1103E40000922E /* NSString+CZBase64.h */ = {isa = PBXFileReference; fileEncoding = 4; lastKnownFileType = sourcecode.c.h; path = "NSString+CZBase64.h"; sourceTree = "<group>"; };
		EA77F7431D1103E40000922E /* NSString+CZBase64.m */ = {isa = PBXFileReference; fileEncoding = 4; lastKnownFileType = sourcecode.c.objc; path = "NSString+CZBase64.m"; sourceTree = "<group>"; };
		EA77F7441D1103E40000922E /* NSString+CZHash.h */ = {isa = PBXFileReference; fileEncoding = 4; lastKnownFileType = sourcecode.c.h; path = "NSString+CZHash.h"; sourceTree = "<group>"; };
		EA77F7451D1103E40000922E /* NSString+CZHash.m */ = {isa = PBXFileReference; fileEncoding = 4; lastKnownFileType = sourcecode.c.objc; path = "NSString+CZHash.m"; sourceTree = "<group>"; };
		EA77F7461D1103E40000922E /* NSString+CZPath.h */ = {isa = PBXFileReference; fileEncoding = 4; lastKnownFileType = sourcecode.c.h; path = "NSString+CZPath.h"; sourceTree = "<group>"; };
		EA77F7471D1103E40000922E /* NSString+CZPath.m */ = {isa = PBXFileReference; fileEncoding = 4; lastKnownFileType = sourcecode.c.objc; path = "NSString+CZPath.m"; sourceTree = "<group>"; };
		EA77F7481D1103E40000922E /* UIButton+CZAddition.h */ = {isa = PBXFileReference; fileEncoding = 4; lastKnownFileType = sourcecode.c.h; path = "UIButton+CZAddition.h"; sourceTree = "<group>"; };
		EA77F7491D1103E40000922E /* UIButton+CZAddition.m */ = {isa = PBXFileReference; fileEncoding = 4; lastKnownFileType = sourcecode.c.objc; path = "UIButton+CZAddition.m"; sourceTree = "<group>"; };
		EA77F74A1D1103E40000922E /* UIColor+CZAddition.h */ = {isa = PBXFileReference; fileEncoding = 4; lastKnownFileType = sourcecode.c.h; path = "UIColor+CZAddition.h"; sourceTree = "<group>"; };
		EA77F74B1D1103E40000922E /* UIColor+CZAddition.m */ = {isa = PBXFileReference; fileEncoding = 4; lastKnownFileType = sourcecode.c.objc; path = "UIColor+CZAddition.m"; sourceTree = "<group>"; };
		EA77F74C1D1103E40000922E /* UILabel+CZAddition.h */ = {isa = PBXFileReference; fileEncoding = 4; lastKnownFileType = sourcecode.c.h; path = "UILabel+CZAddition.h"; sourceTree = "<group>"; };
		EA77F74D1D1103E40000922E /* UILabel+CZAddition.m */ = {isa = PBXFileReference; fileEncoding = 4; lastKnownFileType = sourcecode.c.objc; path = "UILabel+CZAddition.m"; sourceTree = "<group>"; };
		EA77F74E1D1103E40000922E /* UIScreen+CZAddition.h */ = {isa = PBXFileReference; fileEncoding = 4; lastKnownFileType = sourcecode.c.h; path = "UIScreen+CZAddition.h"; sourceTree = "<group>"; };
		EA77F74F1D1103E40000922E /* UIScreen+CZAddition.m */ = {isa = PBXFileReference; fileEncoding = 4; lastKnownFileType = sourcecode.c.objc; path = "UIScreen+CZAddition.m"; sourceTree = "<group>"; };
		EA77F7501D1103E40000922E /* UIView+CZAddition.h */ = {isa = PBXFileReference; fileEncoding = 4; lastKnownFileType = sourcecode.c.h; path = "UIView+CZAddition.h"; sourceTree = "<group>"; };
		EA77F7511D1103E40000922E /* UIView+CZAddition.m */ = {isa = PBXFileReference; fileEncoding = 4; lastKnownFileType = sourcecode.c.objc; path = "UIView+CZAddition.m"; sourceTree = "<group>"; };
		EA77F7521D1103E40000922E /* UIViewController+CZAddition.h */ = {isa = PBXFileReference; fileEncoding = 4; lastKnownFileType = sourcecode.c.h; path = "UIViewController+CZAddition.h"; sourceTree = "<group>"; };
		EA77F7531D1103E40000922E /* UIViewController+CZAddition.m */ = {isa = PBXFileReference; fileEncoding = 4; lastKnownFileType = sourcecode.c.objc; path = "UIViewController+CZAddition.m"; sourceTree = "<group>"; };
/* End PBXFileReference section */

/* Begin PBXFrameworksBuildPhase section */
		EA77F7171D1101FE0000922E /* Frameworks */ = {
			isa = PBXFrameworksBuildPhase;
			buildActionMask = 2147483647;
			files = (
				FAC0C815FBCD96D180E2A148 /* libPods-网易新闻.a in Frameworks */,
			);
			runOnlyForDeploymentPostprocessing = 0;
		};
/* End PBXFrameworksBuildPhase section */

/* Begin PBXGroup section */
		00BCFF35AD263D781A0303B2 /* Frameworks */ = {
			isa = PBXGroup;
			children = (
				357B30F82512304EB7AB8047 /* libPods-网易新闻.a */,
			);
			name = Frameworks;
			sourceTree = "<group>";
		};
		EA77F7111D1101FE0000922E = {
			isa = PBXGroup;
			children = (
				EA77F71C1D1101FE0000922E /* 网易新闻 */,
				EA77F71B1D1101FE0000922E /* Products */,
				F4A675ABA67E5D1927C7C3B3 /* Pods */,
				00BCFF35AD263D781A0303B2 /* Frameworks */,
			);
			sourceTree = "<group>";
		};
		EA77F71B1D1101FE0000922E /* Products */ = {
			isa = PBXGroup;
			children = (
				EA77F71A1D1101FE0000922E /* 网易新闻.app */,
			);
			name = Products;
			sourceTree = "<group>";
		};
		EA77F71C1D1101FE0000922E /* 网易新闻 */ = {
			isa = PBXGroup;
			children = (
				EA77F7201D1101FE0000922E /* AppDelegate.h */,
				EA77F7211D1101FE0000922E /* AppDelegate.m */,
				EA77F7341D1103E40000922E /* Classes */,
				EA77F7391D1103E40000922E /* Tools */,
				EA77F71D1D1101FE0000922E /* Supporting Files */,
			);
			path = "网易新闻";
			sourceTree = "<group>";
		};
		EA77F71D1D1101FE0000922E /* Supporting Files */ = {
			isa = PBXGroup;
			children = (
				EA77F7291D1101FE0000922E /* Assets.xcassets */,
				EA77F72B1D1101FE0000922E /* LaunchScreen.storyboard */,
				EA77F72E1D1101FE0000922E /* Info.plist */,
				EA77F71E1D1101FE0000922E /* main.m */,
			);
			name = "Supporting Files";
			sourceTree = "<group>";
		};
		EA77F7341D1103E40000922E /* Classes */ = {
			isa = PBXGroup;
			children = (
				EA77F7351D1103E40000922E /* Home */,
				EA77F7381D1103E40000922E /* Main */,
			);
			path = Classes;
			sourceTree = "<group>";
		};
		EA77F7351D1103E40000922E /* Home */ = {
			isa = PBXGroup;
			children = (
				EA77F7361D1103E40000922E /* NewsDetail */,
				EA77F7371D1103E40000922E /* NewsList */,
			);
			path = Home;
			sourceTree = "<group>";
		};
		EA77F7361D1103E40000922E /* NewsDetail */ = {
			isa = PBXGroup;
			children = (
			);
			path = NewsDetail;
			sourceTree = "<group>";
		};
		EA77F7371D1103E40000922E /* NewsList */ = {
			isa = PBXGroup;
			children = (
			);
			path = NewsList;
			sourceTree = "<group>";
		};
		EA77F7381D1103E40000922E /* Main */ = {
			isa = PBXGroup;
			children = (
			);
			path = Main;
			sourceTree = "<group>";
		};
		EA77F7391D1103E40000922E /* Tools */ = {
			isa = PBXGroup;
			children = (
				EA77F73A1D1103E40000922E /* Additions */,
			);
			path = Tools;
			sourceTree = "<group>";
		};
		EA77F73A1D1103E40000922E /* Additions */ = {
			isa = PBXGroup;
			children = (
				EA77F73B1D1103E40000922E /* CZAdditions.h */,
				EA77F73C1D1103E40000922E /* NSArray+Log.h */,
				EA77F73D1D1103E40000922E /* NSArray+Log.m */,
				EA77F73E1D1103E40000922E /* NSAttributedString+CZAdditon.h */,
				EA77F73F1D1103E40000922E /* NSAttributedString+CZAdditon.m */,
				EA77F7401D1103E40000922E /* NSObject+CZRuntime.h */,
				EA77F7411D1103E40000922E /* NSObject+CZRuntime.m */,
				EA77F7421D1103E40000922E /* NSString+CZBase64.h */,
				EA77F7431D1103E40000922E /* NSString+CZBase64.m */,
				EA77F7441D1103E40000922E /* NSString+CZHash.h */,
				EA77F7451D1103E40000922E /* NSString+CZHash.m */,
				EA77F7461D1103E40000922E /* NSString+CZPath.h */,
				EA77F7471D1103E40000922E /* NSString+CZPath.m */,
				EA77F7481D1103E40000922E /* UIButton+CZAddition.h */,
				EA77F7491D1103E40000922E /* UIButton+CZAddition.m */,
				EA77F74A1D1103E40000922E /* UIColor+CZAddition.h */,
				EA77F74B1D1103E40000922E /* UIColor+CZAddition.m */,
				EA77F74C1D1103E40000922E /* UILabel+CZAddition.h */,
				EA77F74D1D1103E40000922E /* UILabel+CZAddition.m */,
				EA77F74E1D1103E40000922E /* UIScreen+CZAddition.h */,
				EA77F74F1D1103E40000922E /* UIScreen+CZAddition.m */,
				EA77F7501D1103E40000922E /* UIView+CZAddition.h */,
				EA77F7511D1103E40000922E /* UIView+CZAddition.m */,
				EA77F7521D1103E40000922E /* UIViewController+CZAddition.h */,
				EA77F7531D1103E40000922E /* UIViewController+CZAddition.m */,
			);
			path = Additions;
			sourceTree = "<group>";
		};
		F4A675ABA67E5D1927C7C3B3 /* Pods */ = {
			isa = PBXGroup;
			children = (
				35F4E2B8D86706B4C7AA1B5D /* Pods-网易新闻.debug.xcconfig */,
				283C5F0C4458449E775E7F63 /* Pods-网易新闻.release.xcconfig */,
			);
			name = Pods;
			sourceTree = "<group>";
		};
/* End PBXGroup section */

/* Begin PBXNativeTarget section */
		EA77F7191D1101FE0000922E /* 网易新闻 */ = {
			isa = PBXNativeTarget;
			buildConfigurationList = EA77F7311D1101FE0000922E /* Build configuration list for PBXNativeTarget "网易新闻" */;
			buildPhases = (
				2023AFDE8364EDC700245DDC /* 📦 Check Pods Manifest.lock */,
				EA77F7161D1101FE0000922E /* Sources */,
				EA77F7171D1101FE0000922E /* Frameworks */,
				EA77F7181D1101FE0000922E /* Resources */,
				90E0D68049135191212E910B /* 📦 Embed Pods Frameworks */,
				E86E5686354FC42A2C4755C8 /* 📦 Copy Pods Resources */,
			);
			buildRules = (
			);
			dependencies = (
			);
			name = "网易新闻";
			productName = "网易新闻";
			productReference = EA77F71A1D1101FE0000922E /* 网易新闻.app */;
			productType = "com.apple.product-type.application";
		};
/* End PBXNativeTarget section */

/* Begin PBXProject section */
		EA77F7121D1101FE0000922E /* Project object */ = {
			isa = PBXProject;
			attributes = {
				CLASSPREFIX = WY;
				LastUpgradeCheck = 0730;
				ORGANIZATIONNAME = itcast;
				TargetAttributes = {
					EA77F7191D1101FE0000922E = {
						CreatedOnToolsVersion = 7.3.1;
					};
				};
			};
			buildConfigurationList = EA77F7151D1101FE0000922E /* Build configuration list for PBXProject "网易新闻" */;
			compatibilityVersion = "Xcode 3.2";
			developmentRegion = English;
			hasScannedForEncodings = 0;
			knownRegions = (
				en,
				Base,
			);
			mainGroup = EA77F7111D1101FE0000922E;
			productRefGroup = EA77F71B1D1101FE0000922E /* Products */;
			projectDirPath = "";
			projectRoot = "";
			targets = (
				EA77F7191D1101FE0000922E /* 网易新闻 */,
			);
		};
/* End PBXProject section */

/* Begin PBXResourcesBuildPhase section */
		EA77F7181D1101FE0000922E /* Resources */ = {
			isa = PBXResourcesBuildPhase;
			buildActionMask = 2147483647;
			files = (
				EA77F72D1D1101FE0000922E /* LaunchScreen.storyboard in Resources */,
				EA77F72A1D1101FE0000922E /* Assets.xcassets in Resources */,
			);
			runOnlyForDeploymentPostprocessing = 0;
		};
/* End PBXResourcesBuildPhase section */

/* Begin PBXShellScriptBuildPhase section */
		2023AFDE8364EDC700245DDC /* 📦 Check Pods Manifest.lock */ = {
			isa = PBXShellScriptBuildPhase;
			buildActionMask = 2147483647;
			files = (
			);
			inputPaths = (
			);
			name = "📦 Check Pods Manifest.lock";
			outputPaths = (
			);
			runOnlyForDeploymentPostprocessing = 0;
			shellPath = /bin/sh;
			shellScript = "diff \"${PODS_ROOT}/../Podfile.lock\" \"${PODS_ROOT}/Manifest.lock\" > /dev/null\nif [[ $? != 0 ]] ; then\n    cat << EOM\nerror: The sandbox is not in sync with the Podfile.lock. Run 'pod install' or update your CocoaPods installation.\nEOM\n    exit 1\nfi\n";
			showEnvVarsInLog = 0;
		};
		90E0D68049135191212E910B /* 📦 Embed Pods Frameworks */ = {
			isa = PBXShellScriptBuildPhase;
			buildActionMask = 2147483647;
			files = (
			);
			inputPaths = (
			);
			name = "📦 Embed Pods Frameworks";
			outputPaths = (
			);
			runOnlyForDeploymentPostprocessing = 0;
			shellPath = /bin/sh;
			shellScript = "\"${SRCROOT}/Pods/Target Support Files/Pods-网易新闻/Pods-网易新闻-frameworks.sh\"\n";
			showEnvVarsInLog = 0;
		};
		E86E5686354FC42A2C4755C8 /* 📦 Copy Pods Resources */ = {
			isa = PBXShellScriptBuildPhase;
			buildActionMask = 2147483647;
			files = (
			);
			inputPaths = (
			);
			name = "📦 Copy Pods Resources";
			outputPaths = (
			);
			runOnlyForDeploymentPostprocessing = 0;
			shellPath = /bin/sh;
			shellScript = "\"${SRCROOT}/Pods/Target Support Files/Pods-网易新闻/Pods-网易新闻-resources.sh\"\n";
			showEnvVarsInLog = 0;
		};
/* End PBXShellScriptBuildPhase section */

/* Begin PBXSourcesBuildPhase section */
		EA77F7161D1101FE0000922E /* Sources */ = {
			isa = PBXSourcesBuildPhase;
			buildActionMask = 2147483647;
			files = (
				EA77F75F1D1103E40000922E /* UIViewController+CZAddition.m in Sources */,
				EA77F7581D1103E40000922E /* NSString+CZHash.m in Sources */,
				EA77F75A1D1103E40000922E /* UIButton+CZAddition.m in Sources */,
				EA77F7541D1103E40000922E /* NSArray+Log.m in Sources */,
				EA77F7551D1103E40000922E /* NSAttributedString+CZAdditon.m in Sources */,
				EA77F7591D1103E40000922E /* NSString+CZPath.m in Sources */,
				EA77F7571D1103E40000922E /* NSString+CZBase64.m in Sources */,
				EA77F75B1D1103E40000922E /* UIColor+CZAddition.m in Sources */,
				EA77F7221D1101FE0000922E /* AppDelegate.m in Sources */,
				EA77F75C1D1103E40000922E /* UILabel+CZAddition.m in Sources */,
				EA77F71F1D1101FE0000922E /* main.m in Sources */,
				EA77F75D1D1103E40000922E /* UIScreen+CZAddition.m in Sources */,
				EA77F7561D1103E40000922E /* NSObject+CZRuntime.m in Sources */,
				EA77F75E1D1103E40000922E /* UIView+CZAddition.m in Sources */,
			);
			runOnlyForDeploymentPostprocessing = 0;
		};
/* End PBXSourcesBuildPhase section */

/* Begin PBXVariantGroup section */
		EA77F72B1D1101FE0000922E /* LaunchScreen.storyboard */ = {
			isa = PBXVariantGroup;
			children = (
				EA77F72C1D1101FE0000922E /* Base */,
			);
			name = LaunchScreen.storyboard;
			sourceTree = "<group>";
		};
/* End PBXVariantGroup section */

/* Begin XCBuildConfiguration section */
		EA77F72F1D1101FE0000922E /* Debug */ = {
			isa = XCBuildConfiguration;
			buildSettings = {
				ALWAYS_SEARCH_USER_PATHS = NO;
				CLANG_ANALYZER_NONNULL = YES;
				CLANG_CXX_LANGUAGE_STANDARD = "gnu++0x";
				CLANG_CXX_LIBRARY = "libc++";
				CLANG_ENABLE_MODULES = YES;
				CLANG_ENABLE_OBJC_ARC = YES;
				CLANG_WARN_BOOL_CONVERSION = YES;
				CLANG_WARN_CONSTANT_CONVERSION = YES;
				CLANG_WARN_DIRECT_OBJC_ISA_USAGE = YES_ERROR;
				CLANG_WARN_EMPTY_BODY = YES;
				CLANG_WARN_ENUM_CONVERSION = YES;
				CLANG_WARN_INT_CONVERSION = YES;
				CLANG_WARN_OBJC_ROOT_CLASS = YES_ERROR;
				CLANG_WARN_UNREACHABLE_CODE = YES;
				CLANG_WARN__DUPLICATE_METHOD_MATCH = YES;
				"CODE_SIGN_IDENTITY[sdk=iphoneos*]" = "iPhone Developer";
				COPY_PHASE_STRIP = NO;
				DEBUG_INFORMATION_FORMAT = dwarf;
				ENABLE_STRICT_OBJC_MSGSEND = YES;
				ENABLE_TESTABILITY = YES;
				GCC_C_LANGUAGE_STANDARD = gnu99;
				GCC_DYNAMIC_NO_PIC = NO;
				GCC_NO_COMMON_BLOCKS = YES;
				GCC_OPTIMIZATION_LEVEL = 0;
				GCC_PREPROCESSOR_DEFINITIONS = (
					"DEBUG=1",
					"$(inherited)",
				);
				GCC_WARN_64_TO_32_BIT_CONVERSION = YES;
				GCC_WARN_ABOUT_RETURN_TYPE = YES_ERROR;
				GCC_WARN_UNDECLARED_SELECTOR = YES;
				GCC_WARN_UNINITIALIZED_AUTOS = YES_AGGRESSIVE;
				GCC_WARN_UNUSED_FUNCTION = YES;
				GCC_WARN_UNUSED_VARIABLE = YES;
				IPHONEOS_DEPLOYMENT_TARGET = 9.3;
				MTL_ENABLE_DEBUG_INFO = YES;
				ONLY_ACTIVE_ARCH = YES;
				SDKROOT = iphoneos;
			};
			name = Debug;
		};
		EA77F7301D1101FE0000922E /* Release */ = {
			isa = XCBuildConfiguration;
			buildSettings = {
				ALWAYS_SEARCH_USER_PATHS = NO;
				CLANG_ANALYZER_NONNULL = YES;
				CLANG_CXX_LANGUAGE_STANDARD = "gnu++0x";
				CLANG_CXX_LIBRARY = "libc++";
				CLANG_ENABLE_MODULES = YES;
				CLANG_ENABLE_OBJC_ARC = YES;
				CLANG_WARN_BOOL_CONVERSION = YES;
				CLANG_WARN_CONSTANT_CONVERSION = YES;
				CLANG_WARN_DIRECT_OBJC_ISA_USAGE = YES_ERROR;
				CLANG_WARN_EMPTY_BODY = YES;
				CLANG_WARN_ENUM_CONVERSION = YES;
				CLANG_WARN_INT_CONVERSION = YES;
				CLANG_WARN_OBJC_ROOT_CLASS = YES_ERROR;
				CLANG_WARN_UNREACHABLE_CODE = YES;
				CLANG_WARN__DUPLICATE_METHOD_MATCH = YES;
				"CODE_SIGN_IDENTITY[sdk=iphoneos*]" = "iPhone Developer";
				COPY_PHASE_STRIP = NO;
				DEBUG_INFORMATION_FORMAT = "dwarf-with-dsym";
				ENABLE_NS_ASSERTIONS = NO;
				ENABLE_STRICT_OBJC_MSGSEND = YES;
				GCC_C_LANGUAGE_STANDARD = gnu99;
				GCC_NO_COMMON_BLOCKS = YES;
				GCC_WARN_64_TO_32_BIT_CONVERSION = YES;
				GCC_WARN_ABOUT_RETURN_TYPE = YES_ERROR;
				GCC_WARN_UNDECLARED_SELECTOR = YES;
				GCC_WARN_UNINITIALIZED_AUTOS = YES_AGGRESSIVE;
				GCC_WARN_UNUSED_FUNCTION = YES;
				GCC_WARN_UNUSED_VARIABLE = YES;
				IPHONEOS_DEPLOYMENT_TARGET = 9.3;
				MTL_ENABLE_DEBUG_INFO = NO;
				SDKROOT = iphoneos;
				VALIDATE_PRODUCT = YES;
			};
			name = Release;
		};
		EA77F7321D1101FE0000922E /* Debug */ = {
			isa = XCBuildConfiguration;
			baseConfigurationReference = 35F4E2B8D86706B4C7AA1B5D /* Pods-网易新闻.debug.xcconfig */;
			buildSettings = {
				ASSETCATALOG_COMPILER_APPICON_NAME = AppIcon;
				INFOPLIST_FILE = "网易新闻/Info.plist";
				IPHONEOS_DEPLOYMENT_TARGET = 8.0;
				LD_RUNPATH_SEARCH_PATHS = "$(inherited) @executable_path/Frameworks";
				PRODUCT_BUNDLE_IDENTIFIER = "cn.itcast.----";
				PRODUCT_NAME = "$(TARGET_NAME)";
			};
			name = Debug;
		};
		EA77F7331D1101FE0000922E /* Release */ = {
			isa = XCBuildConfiguration;
			baseConfigurationReference = 283C5F0C4458449E775E7F63 /* Pods-网易新闻.release.xcconfig */;
			buildSettings = {
				ASSETCATALOG_COMPILER_APPICON_NAME = AppIcon;
				INFOPLIST_FILE = "网易新闻/Info.plist";
				IPHONEOS_DEPLOYMENT_TARGET = 8.0;
				LD_RUNPATH_SEARCH_PATHS = "$(inherited) @executable_path/Frameworks";
				PRODUCT_BUNDLE_IDENTIFIER = "cn.itcast.----";
				PRODUCT_NAME = "$(TARGET_NAME)";
			};
			name = Release;
		};
/* End XCBuildConfiguration section */

/* Begin XCConfigurationList section */
		EA77F7151D1101FE0000922E /* Build configuration list for PBXProject "网易新闻" */ = {
			isa = XCConfigurationList;
			buildConfigurations = (
				EA77F72F1D1101FE0000922E /* Debug */,
				EA77F7301D1101FE0000922E /* Release */,
			);
			defaultConfigurationIsVisible = 0;
			defaultConfigurationName = Release;
		};
		EA77F7311D1101FE0000922E /* Build configuration list for PBXNativeTarget "网易新闻" */ = {
			isa = XCConfigurationList;
			buildConfigurations = (
				EA77F7321D1101FE0000922E /* Debug */,
				EA77F7331D1101FE0000922E /* Release */,
			);
			defaultConfigurationIsVisible = 0;
			defaultConfigurationName = Release;
		};
/* End XCConfigurationList section */
	};
	rootObject = EA77F7121D1101FE0000922E /* Project object */;
}
